
Microsoft Visual Studio Solution File, Format Version 12.00
# Visual Studio 2013
Project("{FAE04EC0-301F-11D3-BF4B-00C04F79EFBC}") = "EndlessRunnerAndroid.CSharp", "EndlessRunnerAndroid.CSharp.csproj", "{4C1CFDB8-9270-9D8C-FD15-B22A59299B13}"
EndProject
Global
	GlobalSection(SolutionConfigurationPlatforms) = preSolution
		Debug|Any CPU = Debug|Any CPU
		Release|Any CPU = Release|Any CPU
	EndGlobalSection
	GlobalSection(ProjectConfigurationPlatforms) = postSolution
		{4C1CFDB8-9270-9D8C-FD15-B22A59299B13}.Debug|Any CPU.ActiveCfg = Debug|Any CPU
		{4C1CFDB8-9270-9D8C-FD15-B22A59299B13}.Debug|Any CPU.Build.0 = Debug|Any CPU
		{4C1CFDB8-9270-9D8C-FD15-B22A59299B13}.Release|Any CPU.ActiveCfg = Release|Any CPU
		{4C1CFDB8-9270-9D8C-FD15-B22A59299B13}.Release|Any CPU.Build.0 = Release|Any CPU
	EndGlobalSection
	GlobalSection(SolutionProperties) = preSolution
		HideSolutionNode = FALSE
	EndGlobalSection
EndGlobal
